
Microsoft Visual Studio Solution File, Format Version 12.00
# Visual Studio Version 17
VisualStudioVersion = 17.4.33403.182
MinimumVisualStudioVersion = 10.0.40219.1
Project("{FAE04EC0-301F-11D3-BF4B-00C04F79EFBC}") = "CodeUtils", "CodeUtils\CodeUtils.csproj", "{D8C61332-0CF6-45F2-B28B-710BC43F6FB0}"
EndProject
Project("{FAE04EC0-301F-11D3-BF4B-00C04F79EFBC}") = "CodingModule", "CodingModule\CodingModule.csproj", "{A2E9094D-850C-4C77-9487-5F541A3B9C45}"
EndProject
Global
	GlobalSection(SolutionConfigurationPlatforms) = preSolution
		Debug|Any CPU = Debug|Any CPU
		Release|Any CPU = Release|Any CPU
	EndGlobalSection
	GlobalSection(ProjectConfigurationPlatforms) = postSolution
		{D8C61332-0CF6-45F2-B28B-710BC43F6FB0}.Debug|Any CPU.ActiveCfg = Debug|Any CPU
		{D8C61332-0CF6-45F2-B28B-710BC43F6FB0}.Debug|Any CPU.Build.0 = Debug|Any CPU
		{D8C61332-0CF6-45F2-B28B-710BC43F6FB0}.Release|Any CPU.ActiveCfg = Release|Any CPU
		{D8C61332-0CF6-45F2-B28B-710BC43F6FB0}.Release|Any CPU.Build.0 = Release|Any CPU
		{A2E9094D-850C-4C77-9487-5F541A3B9C45}.Debug|Any CPU.ActiveCfg = Debug|Any CPU
		{A2E9094D-850C-4C77-9487-5F541A3B9C45}.Debug|Any CPU.Build.0 = Debug|Any CPU
		{A2E9094D-850C-4C77-9487-5F541A3B9C45}.Release|Any CPU.ActiveCfg = Release|Any CPU
		{A2E9094D-850C-4C77-9487-5F541A3B9C45}.Release|Any CPU.Build.0 = Release|Any CPU
	EndGlobalSection
	GlobalSection(SolutionProperties) = preSolution
		HideSolutionNode = FALSE
	EndGlobalSection
	GlobalSection(ExtensibilityGlobals) = postSolution
		SolutionGuid = {56F3FC32-57B3-4FFE-BD37-9B58797AD79C}
	EndGlobalSection
EndGlobal
